// !$*UTF8*$!
{
	archiveVersion = 1;
	classes = {
	};
	objectVersion = 46;
	objects = {

/* Begin PBXBuildFile section */
		25FD608C1C4EE9FF0034001B /* main.cpp in Sources */ = {isa = PBXBuildFile; fileRef = 25FD60891C4EE9FF0034001B /* main.cpp */; };
		25FD608D1C4EE9FF0034001B /* Piano.cpp in Sources */ = {isa = PBXBuildFile; fileRef = 25FD608A1C4EE9FF0034001B /* Piano.cpp */; };
/* End PBXBuildFile section */

/* Begin PBXCopyFilesBuildPhase section */
		25FAD70F1C4AF7DC00BD8F4F /* CopyFiles */ = {
			isa = PBXCopyFilesBuildPhase;
			buildActionMask = 2147483647;
			dstPath = /usr/share/man/man1/;
			dstSubfolderSpec = 0;
			files = (
			);
			runOnlyForDeploymentPostprocessing = 1;
		};
/* End PBXCopyFilesBuildPhase section */

/* Begin PBXFileReference section */
		25DABA751C663663006B860F /* PaintFacade.hpp */ = {isa = PBXFileReference; fileEncoding = 4; lastKnownFileType = sourcecode.cpp.h; name = PaintFacade.hpp; path = code/PaintFacade.hpp; sourceTree = SOURCE_ROOT; };
		25FAD7111C4AF7DD00BD8F4F /* HashCode2016 */ = {isa = PBXFileReference; explicitFileType = "compiled.mach-o.executable"; includeInIndex = 0; path = HashCode2016; sourceTree = BUILT_PRODUCTS_DIR; };
		25FD60891C4EE9FF0034001B /* main.cpp */ = {isa = PBXFileReference; fileEncoding = 4; lastKnownFileType = sourcecode.cpp.cpp; name = main.cpp; path = code/main.cpp; sourceTree = SOURCE_ROOT; };
		25FD608A1C4EE9FF0034001B /* Piano.cpp */ = {isa = PBXFileReference; fileEncoding = 4; lastKnownFileType = sourcecode.cpp.cpp; name = Piano.cpp; path = code/Piano.cpp; sourceTree = SOURCE_ROOT; };
		25FD608B1C4EE9FF0034001B /* Piano.h */ = {isa = PBXFileReference; fileEncoding = 4; lastKnownFileType = sourcecode.c.h; name = Piano.h; path = code/Piano.h; sourceTree = SOURCE_ROOT; };
/* End PBXFileReference section */

/* Begin PBXFrameworksBuildPhase section */
		25FAD70E1C4AF7DC00BD8F4F /* Frameworks */ = {
			isa = PBXFrameworksBuildPhase;
			buildActionMask = 2147483647;
			files = (
			);
			runOnlyForDeploymentPostprocessing = 0;
		};
/* End PBXFrameworksBuildPhase section */

/* Begin PBXGroup section */
		25FAD7081C4AF7DC00BD8F4F = {
			isa = PBXGroup;
			children = (
				25FAD7131C4AF7DD00BD8F4F /* HashCode2016 */,
				25FAD7121C4AF7DD00BD8F4F /* Products */,
			);
			sourceTree = "<group>";
		};
		25FAD7121C4AF7DD00BD8F4F /* Products */ = {
			isa = PBXGroup;
			children = (
				25FAD7111C4AF7DD00BD8F4F /* HashCode2016 */,
			);
			name = Products;
			sourceTree = "<group>";
		};
		25FAD7131C4AF7DD00BD8F4F /* HashCode2016 */ = {
			isa = PBXGroup;
			children = (
				25FD60811C4EE8890034001B /* code */,
			);
			path = HashCode2016;
			sourceTree = "<group>";
		};
		25FD60811C4EE8890034001B /* code */ = {
			isa = PBXGroup;
			children = (
				25FD60891C4EE9FF0034001B /* main.cpp */,
				25FD608A1C4EE9FF0034001B /* Piano.cpp */,
				25FD608B1C4EE9FF0034001B /* Piano.h */,
				25DABA751C663663006B860F /* PaintFacade.hpp */,
			);
			name = code;
			sourceTree = "<group>";
		};
/* End PBXGroup section */

/* Begin PBXNativeTarget section */
		25FAD7101C4AF7DC00BD8F4F /* HashCode2016 */ = {
			isa = PBXNativeTarget;
			buildConfigurationList = 25FAD7181C4AF7DD00BD8F4F /* Build configuration list for PBXNativeTarget "HashCode2016" */;
			buildPhases = (
				25FAD70D1C4AF7DC00BD8F4F /* Sources */,
				25FAD70E1C4AF7DC00BD8F4F /* Frameworks */,
				25FAD70F1C4AF7DC00BD8F4F /* CopyFiles */,
			);
			buildRules = (
			);
			dependencies = (
			);
			name = HashCode2016;
			productName = HashCode2016;
			productReference = 25FAD7111C4AF7DD00BD8F4F /* HashCode2016 */;
			productType = "com.apple.product-type.tool";
		};
/* End PBXNativeTarget section */

/* Begin PBXProject section */
		25FAD7091C4AF7DC00BD8F4F /* Project object */ = {
			isa = PBXProject;
			attributes = {
				LastUpgradeCheck = 0720;
				ORGANIZATIONNAME = "Liang LIU";
				TargetAttributes = {
					25FAD7101C4AF7DC00BD8F4F = {
						CreatedOnToolsVersion = 6.2;
					};
				};
			};
			buildConfigurationList = 25FAD70C1C4AF7DC00BD8F4F /* Build configuration list for PBXProject "HashCode2016" */;
			compatibilityVersion = "Xcode 3.2";
			developmentRegion = English;
			hasScannedForEncodings = 0;
			knownRegions = (
				en,
			);
			mainGroup = 25FAD7081C4AF7DC00BD8F4F;
			productRefGroup = 25FAD7121C4AF7DD00BD8F4F /* Products */;
			projectDirPath = "";
			projectRoot = "";
			targets = (
				25FAD7101C4AF7DC00BD8F4F /* HashCode2016 */,
			);
		};
/* End PBXProject section */

/* Begin PBXSourcesBuildPhase section */
		25FAD70D1C4AF7DC00BD8F4F /* Sources */ = {
			isa = PBXSourcesBuildPhase;
			buildActionMask = 2147483647;
			files = (
				25FD608C1C4EE9FF0034001B /* main.cpp in Sources */,
				25FD608D1C4EE9FF0034001B /* Piano.cpp in Sources */,
			);
			runOnlyForDeploymentPostprocessing = 0;
		};
/* End PBXSourcesBuildPhase section */

/* Begin XCBuildConfiguration section */
		25FAD7161C4AF7DD00BD8F4F /* Debug */ = {
			isa = XCBuildConfiguration;
			buildSettings = {
				ALWAYS_SEARCH_USER_PATHS = NO;
				CLANG_CXX_LANGUAGE_STANDARD = "gnu++0x";
				CLANG_CXX_LIBRARY = "libc++";
				CLANG_ENABLE_MODULES = YES;
				CLANG_ENABLE_OBJC_ARC = YES;
				CLANG_WARN_BOOL_CONVERSION = YES;
				CLANG_WARN_CONSTANT_CONVERSION = YES;
				CLANG_WARN_DIRECT_OBJC_ISA_USAGE = YES_ERROR;
				CLANG_WARN_EMPTY_BODY = YES;
				CLANG_WARN_ENUM_CONVERSION = YES;
				CLANG_WARN_INT_CONVERSION = YES;
				CLANG_WARN_OBJC_ROOT_CLASS = YES_ERROR;
				CLANG_WARN_UNREACHABLE_CODE = YES;
				CLANG_WARN__DUPLICATE_METHOD_MATCH = YES;
				COPY_PHASE_STRIP = NO;
				ENABLE_STRICT_OBJC_MSGSEND = YES;
				ENABLE_TESTABILITY = YES;
				GCC_C_LANGUAGE_STANDARD = gnu99;
				GCC_DYNAMIC_NO_PIC = NO;
				GCC_OPTIMIZATION_LEVEL = 0;
				GCC_PREPROCESSOR_DEFINITIONS = (
					"DEBUG=1",
					"$(inherited)",
				);
				GCC_SYMBOLS_PRIVATE_EXTERN = NO;
				GCC_WARN_64_TO_32_BIT_CONVERSION = YES;
				GCC_WARN_ABOUT_RETURN_TYPE = YES_ERROR;
				GCC_WARN_UNDECLARED_SELECTOR = YES;
				GCC_WARN_UNINITIALIZED_AUTOS = YES_AGGRESSIVE;
				GCC_WARN_UNUSED_FUNCTION = YES;
				GCC_WARN_UNUSED_VARIABLE = YES;
				MACOSX_DEPLOYMENT_TARGET = 10.10;
				MTL_ENABLE_DEBUG_INFO = YES;
				ONLY_ACTIVE_ARCH = YES;
				SDKROOT = macosx;
			};
			name = Debug;
		};
		25FAD7171C4AF7DD00BD8F4F /* Release */ = {
			isa = XCBuildConfiguration;
			buildSettings = {
				ALWAYS_SEARCH_USER_PATHS = NO;
				CLANG_CXX_LANGUAGE_STANDARD = "gnu++0x";
				CLANG_CXX_LIBRARY = "libc++";
				CLANG_ENABLE_MODULES = YES;
				CLANG_ENABLE_OBJC_ARC = YES;
				CLANG_WARN_BOOL_CONVERSION = YES;
				CLANG_WARN_CONSTANT_CONVERSION = YES;
				CLANG_WARN_DIRECT_OBJC_ISA_USAGE = YES_ERROR;
				CLANG_WARN_EMPTY_BODY = YES;
				CLANG_WARN_ENUM_CONVERSION = YES;
				CLANG_WARN_INT_CONVERSION = YES;
				CLANG_WARN_OBJC_ROOT_CLASS = YES_ERROR;
				CLANG_WARN_UNREACHABLE_CODE = YES;
				CLANG_WARN__DUPLICATE_METHOD_MATCH = YES;
				COPY_PHASE_STRIP = NO;
				DEBUG_INFORMATION_FORMAT = "dwarf-with-dsym";
				ENABLE_NS_ASSERTIONS = NO;
				ENABLE_STRICT_OBJC_MSGSEND = YES;
				GCC_C_LANGUAGE_STANDARD = gnu99;
				GCC_WARN_64_TO_32_BIT_CONVERSION = YES;
				GCC_WARN_ABOUT_RETURN_TYPE = YES_ERROR;
				GCC_WARN_UNDECLARED_SELECTOR = YES;
				GCC_WARN_UNINITIALIZED_AUTOS = YES_AGGRESSIVE;
				GCC_WARN_UNUSED_FUNCTION = YES;
				GCC_WARN_UNUSED_VARIABLE = YES;
				MACOSX_DEPLOYMENT_TARGET = 10.10;
				MTL_ENABLE_DEBUG_INFO = NO;
				SDKROOT = macosx;
			};
			name = Release;
		};
		25FAD7191C4AF7DD00BD8F4F /* Debug */ = {
			isa = XCBuildConfiguration;
			buildSettings = {
				CLANG_CXX_LANGUAGE_STANDARD = "c++0x";
				GCC_C_LANGUAGE_STANDARD = c11;
				HEADER_SEARCH_PATHS = (
					"$(inherited)",
					/Applications/Xcode.app/Contents/Developer/Toolchains/XcodeDefault.xctoolchain/usr/include,
					"/Users/Xavier/Programs/c++/boost_1_60_0",
				);
				PRODUCT_NAME = "$(TARGET_NAME)";
			};
			name = Debug;
		};
		25FAD71A1C4AF7DD00BD8F4F /* Release */ = {
			isa = XCBuildConfiguration;
			buildSettings = {
				CLANG_CXX_LANGUAGE_STANDARD = "c++0x";
				GCC_C_LANGUAGE_STANDARD = c11;
				HEADER_SEARCH_PATHS = (
					"$(inherited)",
					/Applications/Xcode.app/Contents/Developer/Toolchains/XcodeDefault.xctoolchain/usr/include,
					"/Users/Xavier/Programs/c++/boost_1_60_0",
				);
				PRODUCT_NAME = "$(TARGET_NAME)";
			};
			name = Release;
		};
/* End XCBuildConfiguration section */

/* Begin XCConfigurationList section */
		25FAD70C1C4AF7DC00BD8F4F /* Build configuration list for PBXProject "HashCode2016" */ = {
			isa = XCConfigurationList;
			buildConfigurations = (
				25FAD7161C4AF7DD00BD8F4F /* Debug */,
				25FAD7171C4AF7DD00BD8F4F /* Release */,
			);
			defaultConfigurationIsVisible = 0;
			defaultConfigurationName = Release;
		};
		25FAD7181C4AF7DD00BD8F4F /* Build configuration list for PBXNativeTarget "HashCode2016" */ = {
			isa = XCConfigurationList;
			buildConfigurations = (
				25FAD7191C4AF7DD00BD8F4F /* Debug */,
				25FAD71A1C4AF7DD00BD8F4F /* Release */,
			);
			defaultConfigurationIsVisible = 0;
			defaultConfigurationName = Release;
		};
/* End XCConfigurationList section */
	};
	rootObject = 25FAD7091C4AF7DC00BD8F4F /* Project object */;
}
